{
  "name": "holepunch-interview",
  "version": "1.0.0",
  "lockfileVersion": 2,
  "requires": true,
  "packages": {
    "": {
      "name": "holepunch-interview",
      "version": "1.0.0",
      "license": "MIT",
      "dependencies": {
        "@hyperspace/client": "^1.18.0",
        "yargs": "^17.5.1"
      },
      "bin": {
        "hypercore-cli": "bin/cli.js"
      }
    },
    "node_modules/@hyperspace/client": {
      "version": "1.18.0",
      "resolved": "https://registry.npmjs.org/@hyperspace/client/-/client-1.18.0.tgz",
      "integrity": "sha512-nK7jQ8IvrHwaF8gycCuqnNm1nOukzFJxDHZcVZ9Yx1O42zgynDVjDVNFa/scOW2sCAIDAnQrAI6wO4ClrtEYfQ==",
      "dependencies": {
        "@hyperspace/rpc": "^1.8.0",
        "call-me-maybe": "^1.0.1",
        "codecs": "^2.1.0",
        "freemap": "^1.0.0",
        "hypercore-streams": "^1.0.0",
        "inspect-custom-symbol": "^1.1.1",
        "nanoresource-promise": "^1.2.2"
      }
    },
    "node_modules/@hyperspace/rpc": {
      "version": "1.15.1",
      "resolved": "https://registry.npmjs.org/@hyperspace/rpc/-/rpc-1.15.1.tgz",
      "integrity": "sha512-hp+NvIGLC1KvnR0FVWxtI8ep0I+KA6qto1vtz6bNC8C012QCgQXSMXZmP67su3b8zMLwaOUTOJuhZ1u3fNjtfw==",
      "dependencies": {
        "hrpc-runtime": "^2.0.0"
      }
    },
    "node_modules/ansi-regex": {
      "version": "5.0.1",
      "resolved": "https://registry.npmjs.org/ansi-regex/-/ansi-regex-5.0.1.tgz",
      "integrity": "sha512-quJQXlTSUGL2LH9SUXo8VwsY4soanhgo6LNSm84E1LBcE8s3O0wpdiRzyR9z/ZZJMlMWv37qOOb9pdJlMUEKFQ==",
      "engines": {
        "node": ">=8"
      }
    },
    "node_modules/ansi-styles": {
      "version": "4.3.0",
      "resolved": "https://registry.npmjs.org/ansi-styles/-/ansi-styles-4.3.0.tgz",
      "integrity": "sha512-zbB9rCJAT1rbjiVDb2hqKFHNYLxgtk8NURxZ3IZwD3F6NtxbXZQCnnSi1Lkx+IDohdPlFp222wVALIheZJQSEg==",
      "dependencies": {
        "color-convert": "^2.0.1"
      },
      "engines": {
        "node": ">=8"
      },
      "funding": {
        "url": "https://github.com/chalk/ansi-styles?sponsor=1"
      }
    },
    "node_modules/arpeecee": {
      "version": "2.2.0",
      "resolved": "https://registry.npmjs.org/arpeecee/-/arpeecee-2.2.0.tgz",
      "integrity": "sha512-K6TLPj72xmqyC8sV0CgUWqO5GqmxT6Vn/y8JdraUqpTchWeOQMslvPuqACsD77cnsx/Y0Xq0lkQFzqh/uLD9lw==",
      "dependencies": {
        "streamx": "^2.6.0",
        "varint": "^5.0.0"
      }
    },
    "node_modules/b4a": {
      "version": "1.6.0",
      "resolved": "https://registry.npmjs.org/b4a/-/b4a-1.6.0.tgz",
      "integrity": "sha512-fsTxXxj1081Yq5MOQ06gZ5+e2QcSyP2U6NofdOWyq+lrNI4IjkZ+fLVmoQ6uUCiNg1NWePMMVq93vOTdbJmErw=="
    },
    "node_modules/call-me-maybe": {
      "version": "1.0.1",
      "resolved": "https://registry.npmjs.org/call-me-maybe/-/call-me-maybe-1.0.1.tgz",
      "integrity": "sha512-wCyFsDQkKPwwF8BDwOiWNx/9K45L/hvggQiDbve+viMNMQnWhrlYIuBk09offfwCRtCO9P6XwUttufzU11WCVw=="
    },
    "node_modules/cliui": {
      "version": "7.0.4",
      "resolved": "https://registry.npmjs.org/cliui/-/cliui-7.0.4.tgz",
      "integrity": "sha512-OcRE68cOsVMXp1Yvonl/fzkQOyjLSu/8bhPDfQt0e0/Eb283TKP20Fs2MqoPsr9SwA595rRCA+QMzYc9nBP+JQ==",
      "dependencies": {
        "string-width": "^4.2.0",
        "strip-ansi": "^6.0.0",
        "wrap-ansi": "^7.0.0"
      }
    },
    "node_modules/codecs": {
      "version": "2.2.0",
      "resolved": "https://registry.npmjs.org/codecs/-/codecs-2.2.0.tgz",
      "integrity": "sha512-+xi2ENsvchtUNa8oBUU58gHgmyN6BEEeZ8NIEgeQ0XnC+AoyihivgZYe+OOiNi+fLy/NUowugwV5gP8XWYDm0Q=="
    },
    "node_modules/color-convert": {
      "version": "2.0.1",
      "resolved": "https://registry.npmjs.org/color-convert/-/color-convert-2.0.1.tgz",
      "integrity": "sha512-RRECPsj7iu/xb5oKYcsFHSppFNnsj/52OVTRKb4zP5onXwVF3zVmmToNcOfGC+CRDpfK/U584fMg38ZHCaElKQ==",
      "dependencies": {
        "color-name": "~1.1.4"
      },
      "engines": {
        "node": ">=7.0.0"
      }
    },
    "node_modules/color-name": {
      "version": "1.1.4",
      "resolved": "https://registry.npmjs.org/color-name/-/color-name-1.1.4.tgz",
      "integrity": "sha512-dOy+3AuW3a2wNbZHIuMZpTcgjGuLU/uBL/ubcZF9OXbDo8ff4O8yVp5Bf0efS8uEoYo5q4Fx7dY9OgQGXgAsQA=="
    },
    "node_modules/emoji-regex": {
      "version": "8.0.0",
      "resolved": "https://registry.npmjs.org/emoji-regex/-/emoji-regex-8.0.0.tgz",
      "integrity": "sha512-MSjYzcWNOA0ewAHpz0MxpYFvwg6yjy1NG3xteoqz644VCo/RPgnr1/GGt+ic3iJTzQ8Eu3TdM14SawnVUmGE6A=="
    },
    "node_modules/escalade": {
      "version": "3.1.1",
      "resolved": "https://registry.npmjs.org/escalade/-/escalade-3.1.1.tgz",
      "integrity": "sha512-k0er2gUkLf8O0zKJiAhmkTnJlTvINGv7ygDNPbeIsX/TJjGJZHuh9B2UxbsaEkmlEo9MfhrSzmhIlhRlI2GXnw==",
      "engines": {
        "node": ">=6"
      }
    },
    "node_modules/fast-fifo": {
      "version": "1.1.0",
      "resolved": "https://registry.npmjs.org/fast-fifo/-/fast-fifo-1.1.0.tgz",
      "integrity": "sha512-Kl29QoNbNvn4nhDsLYjyIAaIqaJB6rBx5p3sL9VjaefJ+eMFBWVZiaoguaoZfzEKr5RhAti0UgM8703akGPJ6g=="
    },
    "node_modules/freemap": {
      "version": "1.0.1",
      "resolved": "https://registry.npmjs.org/freemap/-/freemap-1.0.1.tgz",
      "integrity": "sha512-14wmuUdlwYz3KrXwbtHe30k4oHnpDQjFrbx3GIkqZjE64hpwa6WDpvs/8p+08kZbhnip49Z58PX8t08E3H8m1g=="
    },
    "node_modules/get-caller-file": {
      "version": "2.0.5",
      "resolved": "https://registry.npmjs.org/get-caller-file/-/get-caller-file-2.0.5.tgz",
      "integrity": "sha512-DyFP3BM/3YHTQOCUL/w0OZHR0lpKeGrxotcHWcqNEdnltqFwXVfhEBQ94eIo34AfQpo0rGki4cyIiftY06h2Fg==",
      "engines": {
        "node": "6.* || 8.* || >= 10.*"
      }
    },
    "node_modules/hrpc-runtime": {
      "version": "2.1.1",
      "resolved": "https://registry.npmjs.org/hrpc-runtime/-/hrpc-runtime-2.1.1.tgz",
      "integrity": "sha512-L9fSE/eMnJat/9TtlOVKFAiw2SlvB5RH/QbtSaNcYW/oWX1lBxwdrVTTcNOCWnSNLhDBgg5llxj9oM2SACB8WA==",
      "dependencies": {
        "arpeecee": "^2.0.0",
        "protocol-buffers-encodings": "^1.1.0"
      }
    },
    "node_modules/hypercore-streams": {
      "version": "1.0.1",
      "resolved": "https://registry.npmjs.org/hypercore-streams/-/hypercore-streams-1.0.1.tgz",
      "integrity": "sha512-OcN2zq9DEoArC84q9VCSrf9Hx1QUkR6ineCOwyOwhE4v/8aUTOx87mAk1nyjMOf76DQmF+tl2vnS2FssLx5N+Q==",
      "dependencies": {
        "streamx": "^2.6.0"
      }
    },
    "node_modules/inherits": {
      "version": "2.0.4",
      "resolved": "https://registry.npmjs.org/inherits/-/inherits-2.0.4.tgz",
      "integrity": "sha512-k/vGaX4/Yla3WzyMCvTQOXYeIHvqOKtnqBduzTHpzpQZzAskKMhZ2K+EnBiSM9zGSoIFeMpXKxa4dYeZIQqewQ=="
    },
    "node_modules/inspect-custom-symbol": {
      "version": "1.1.1",
      "resolved": "https://registry.npmjs.org/inspect-custom-symbol/-/inspect-custom-symbol-1.1.1.tgz",
      "integrity": "sha512-GOucsp9EcdlLdhPUyOTvQDnbFJtp2WBWZV1Jqe+mVnkJQBL3w96+fB84C+JL+EKXOspMdB0eMDQPDp5w9fkfZA=="
    },
    "node_modules/is-fullwidth-code-point": {
      "version": "3.0.0",
      "resolved": "https://registry.npmjs.org/is-fullwidth-code-point/-/is-fullwidth-code-point-3.0.0.tgz",
      "integrity": "sha512-zymm5+u+sCsSWyD9qNaejV3DFvhCKclKdizYaJUuHA83RLjb7nSuGnddCHGv0hk+KY7BMAlsWeK4Ueg6EV6XQg==",
      "engines": {
        "node": ">=8"
      }
    },
    "node_modules/nanoresource": {
      "version": "1.3.0",
      "resolved": "https://registry.npmjs.org/nanoresource/-/nanoresource-1.3.0.tgz",
      "integrity": "sha512-OI5dswqipmlYfyL3k/YMm7mbERlh4Bd1KuKdMHpeoVD1iVxqxaTMKleB4qaA2mbQZ6/zMNSxCXv9M9P/YbqTuQ==",
      "dependencies": {
        "inherits": "^2.0.4"
      }
    },
    "node_modules/nanoresource-promise": {
      "version": "1.2.2",
      "resolved": "https://registry.npmjs.org/nanoresource-promise/-/nanoresource-promise-1.2.2.tgz",
      "integrity": "sha512-XCRcRrCoTifA6XJqYaMqlHgWFrAq6aGNnXboRa/Dxa0TNkm3S13+RWCD7/XaB4ySunAmZzx81++OS4kqkDynuA==",
      "dependencies": {
        "nanoresource": "^1.3.0"
      }
    },
    "node_modules/protocol-buffers-encodings": {
      "version": "1.2.0",
      "resolved": "https://registry.npmjs.org/protocol-buffers-encodings/-/protocol-buffers-encodings-1.2.0.tgz",
      "integrity": "sha512-daeNPuKh1NlLD1uDfbLpD+xyUTc07nEtfHwmBZmt/vH0B7VOM+JOCOpDcx9ZRpqHjAiIkGqyTDi+wfGSl17R9w==",
      "dependencies": {
        "b4a": "^1.6.0",
        "signed-varint": "^2.0.1",
        "varint": "5.0.0"
      }
    },
    "node_modules/protocol-buffers-encodings/node_modules/varint": {
      "version": "5.0.0",
      "resolved": "https://registry.npmjs.org/varint/-/varint-5.0.0.tgz",
      "integrity": "sha512-gC13b/bWrqQoKY2EmROCZ+AR0jitc6DnDGaQ6Ls9QpKmuSgJB1eQ7H3KETtQm7qSdMWMKCmsshyCmUwMLh3OAA=="
    },
    "node_modules/queue-tick": {
      "version": "1.0.0",
      "resolved": "https://registry.npmjs.org/queue-tick/-/queue-tick-1.0.0.tgz",
      "integrity": "sha512-ULWhjjE8BmiICGn3G8+1L9wFpERNxkf8ysxkAer4+TFdRefDaXOCV5m92aMB9FtBVmn/8sETXLXY6BfW7hyaWQ=="
    },
    "node_modules/require-directory": {
      "version": "2.1.1",
      "resolved": "https://registry.npmjs.org/require-directory/-/require-directory-2.1.1.tgz",
      "integrity": "sha512-fGxEI7+wsG9xrvdjsrlmL22OMTTiHRwAMroiEeMgq8gzoLC/PQr7RsRDSTLUg/bZAZtF+TVIkHc6/4RIKrui+Q==",
      "engines": {
        "node": ">=0.10.0"
      }
    },
    "node_modules/signed-varint": {
      "version": "2.0.1",
      "resolved": "https://registry.npmjs.org/signed-varint/-/signed-varint-2.0.1.tgz",
      "integrity": "sha512-abgDPg1106vuZZOvw7cFwdCABddfJRz5akcCcchzTbhyhYnsG31y4AlZEgp315T7W3nQq5P4xeOm186ZiPVFzw==",
      "dependencies": {
        "varint": "~5.0.0"
      }
    },
    "node_modules/streamx": {
      "version": "2.12.5",
      "resolved": "https://registry.npmjs.org/streamx/-/streamx-2.12.5.tgz",
      "integrity": "sha512-Y+nkFw57Z5JHT3zLlqFm3GccOy2FeYdUrrqita6Dd8kr/8enPn9GKa8IYf3/DmEKfZl/E2sWoSKUnd4qhonrgg==",
      "dependencies": {
        "fast-fifo": "^1.0.0",
        "queue-tick": "^1.0.0"
      }
    },
    "node_modules/string-width": {
      "version": "4.2.3",
      "resolved": "https://registry.npmjs.org/string-width/-/string-width-4.2.3.tgz",
      "integrity": "sha512-wKyQRQpjJ0sIp62ErSZdGsjMJWsap5oRNihHhu6G7JVO/9jIB6UyevL+tXuOqrng8j/cxKTWyWUwvSTriiZz/g==",
      "dependencies": {
        "emoji-regex": "^8.0.0",
        "is-fullwidth-code-point": "^3.0.0",
        "strip-ansi": "^6.0.1"
      },
      "engines": {
        "node": ">=8"
      }
    },
    "node_modules/strip-ansi": {
      "version": "6.0.1",
      "resolved": "https://registry.npmjs.org/strip-ansi/-/strip-ansi-6.0.1.tgz",
      "integrity": "sha512-Y38VPSHcqkFrCpFnQ9vuSXmquuv5oXOKpGeT6aGrr3o3Gc9AlVa6JBfUSOCnbxGGZF+/0ooI7KrPuUSztUdU5A==",
      "dependencies": {
        "ansi-regex": "^5.0.1"
      },
      "engines": {
        "node": ">=8"
      }
    },
    "node_modules/varint": {
      "version": "5.0.2",
      "resolved": "https://registry.npmjs.org/varint/-/varint-5.0.2.tgz",
      "integrity": "sha512-lKxKYG6H03yCZUpAGOPOsMcGxd1RHCu1iKvEHYDPmTyq2HueGhD73ssNBqqQWfvYs04G9iUFRvmAVLW20Jw6ow=="
    },
    "node_modules/wrap-ansi": {
      "version": "7.0.0",
      "resolved": "https://registry.npmjs.org/wrap-ansi/-/wrap-ansi-7.0.0.tgz",
      "integrity": "sha512-YVGIj2kamLSTxw6NsZjoBxfSwsn0ycdesmc4p+Q21c5zPuZ1pl+NfxVdxPtdHvmNVOQ6XSYG4AUtyt/Fi7D16Q==",
      "dependencies": {
        "ansi-styles": "^4.0.0",
        "string-width": "^4.1.0",
        "strip-ansi": "^6.0.0"
      },
      "engines": {
        "node": ">=10"
      },
      "funding": {
        "url": "https://github.com/chalk/wrap-ansi?sponsor=1"
      }
    },
    "node_modules/y18n": {
      "version": "5.0.8",
      "resolved": "https://registry.npmjs.org/y18n/-/y18n-5.0.8.tgz",
      "integrity": "sha512-0pfFzegeDWJHJIAmTLRP2DwHjdF5s7jo9tuztdQxAhINCdvS+3nGINqPd00AphqJR/0LhANUS6/+7SCb98YOfA==",
      "engines": {
        "node": ">=10"
      }
    },
    "node_modules/yargs": {
      "version": "17.5.1",
      "resolved": "https://registry.npmjs.org/yargs/-/yargs-17.5.1.tgz",
      "integrity": "sha512-t6YAJcxDkNX7NFYiVtKvWUz8l+PaKTLiL63mJYWR2GnHq2gjEWISzsLp9wg3aY36dY1j+gfIEL3pIF+XlJJfbA==",
      "dependencies": {
        "cliui": "^7.0.2",
        "escalade": "^3.1.1",
        "get-caller-file": "^2.0.5",
        "require-directory": "^2.1.1",
        "string-width": "^4.2.3",
        "y18n": "^5.0.5",
        "yargs-parser": "^21.0.0"
      },
      "engines": {
        "node": ">=12"
      }
    },
    "node_modules/yargs-parser": {
      "version": "21.1.1",
      "resolved": "https://registry.npmjs.org/yargs-parser/-/yargs-parser-21.1.1.tgz",
      "integrity": "sha512-tVpsJW7DdjecAiFpbIB1e3qxIQsE6NoPc5/eTdrbbIC4h0LVsWhnoa3g+m2HclBIujHzsxZ4VJVA+GUuc2/LBw==",
      "engines": {
        "node": ">=12"
      }
    }
  },
  "dependencies": {
    "@hyperspace/client": {
      "version": "1.18.0",
      "resolved": "https://registry.npmjs.org/@hyperspace/client/-/client-1.18.0.tgz",
      "integrity": "sha512-nK7jQ8IvrHwaF8gycCuqnNm1nOukzFJxDHZcVZ9Yx1O42zgynDVjDVNFa/scOW2sCAIDAnQrAI6wO4ClrtEYfQ==",
      "requires": {
        "@hyperspace/rpc": "^1.8.0",
        "call-me-maybe": "^1.0.1",
        "codecs": "^2.1.0",
        "freemap": "^1.0.0",
        "hypercore-streams": "^1.0.0",
        "inspect-custom-symbol": "^1.1.1",
        "nanoresource-promise": "^1.2.2"
      }
    },
    "@hyperspace/rpc": {
      "version": "1.15.1",
      "resolved": "https://registry.npmjs.org/@hyperspace/rpc/-/rpc-1.15.1.tgz",
      "integrity": "sha512-hp+NvIGLC1KvnR0FVWxtI8ep0I+KA6qto1vtz6bNC8C012QCgQXSMXZmP67su3b8zMLwaOUTOJuhZ1u3fNjtfw==",
      "requires": {
        "hrpc-runtime": "^2.0.0"
      }
    },
    "ansi-regex": {
      "version": "5.0.1",
      "resolved": "https://registry.npmjs.org/ansi-regex/-/ansi-regex-5.0.1.tgz",
      "integrity": "sha512-quJQXlTSUGL2LH9SUXo8VwsY4soanhgo6LNSm84E1LBcE8s3O0wpdiRzyR9z/ZZJMlMWv37qOOb9pdJlMUEKFQ=="
    },
    "ansi-styles": {
      "version": "4.3.0",
      "resolved": "https://registry.npmjs.org/ansi-styles/-/ansi-styles-4.3.0.tgz",
      "integrity": "sha512-zbB9rCJAT1rbjiVDb2hqKFHNYLxgtk8NURxZ3IZwD3F6NtxbXZQCnnSi1Lkx+IDohdPlFp222wVALIheZJQSEg==",
      "requires": {
        "color-convert": "^2.0.1"
      }
    },
    "arpeecee": {
      "version": "2.2.0",
      "resolved": "https://registry.npmjs.org/arpeecee/-/arpeecee-2.2.0.tgz",
      "integrity": "sha512-K6TLPj72xmqyC8sV0CgUWqO5GqmxT6Vn/y8JdraUqpTchWeOQMslvPuqACsD77cnsx/Y0Xq0lkQFzqh/uLD9lw==",
      "requires": {
        "streamx": "^2.6.0",
        "varint": "^5.0.0"
      }
    },
    "b4a": {
      "version": "1.6.0",
      "resolved": "https://registry.npmjs.org/b4a/-/b4a-1.6.0.tgz",
      "integrity": "sha512-fsTxXxj1081Yq5MOQ06gZ5+e2QcSyP2U6NofdOWyq+lrNI4IjkZ+fLVmoQ6uUCiNg1NWePMMVq93vOTdbJmErw=="
    },
    "call-me-maybe": {
      "version": "1.0.1",
      "resolved": "https://registry.npmjs.org/call-me-maybe/-/call-me-maybe-1.0.1.tgz",
      "integrity": "sha512-wCyFsDQkKPwwF8BDwOiWNx/9K45L/hvggQiDbve+viMNMQnWhrlYIuBk09offfwCRtCO9P6XwUttufzU11WCVw=="
    },
    "cliui": {
      "version": "7.0.4",
      "resolved": "https://registry.npmjs.org/cliui/-/cliui-7.0.4.tgz",
      "integrity": "sha512-OcRE68cOsVMXp1Yvonl/fzkQOyjLSu/8bhPDfQt0e0/Eb283TKP20Fs2MqoPsr9SwA595rRCA+QMzYc9nBP+JQ==",
      "requires": {
        "string-width": "^4.2.0",
        "strip-ansi": "^6.0.0",
        "wrap-ansi": "^7.0.0"
      }
    },
    "codecs": {
      "version": "2.2.0",
      "resolved": "https://registry.npmjs.org/codecs/-/codecs-2.2.0.tgz",
      "integrity": "sha512-+xi2ENsvchtUNa8oBUU58gHgmyN6BEEeZ8NIEgeQ0XnC+AoyihivgZYe+OOiNi+fLy/NUowugwV5gP8XWYDm0Q=="
    },
    "color-convert": {
      "version": "2.0.1",
      "resolved": "https://registry.npmjs.org/color-convert/-/color-convert-2.0.1.tgz",
      "integrity": "sha512-RRECPsj7iu/xb5oKYcsFHSppFNnsj/52OVTRKb4zP5onXwVF3zVmmToNcOfGC+CRDpfK/U584fMg38ZHCaElKQ==",
      "requires": {
        "color-name": "~1.1.4"
      }
    },
    "color-name": {
      "version": "1.1.4",
      "resolved": "https://registry.npmjs.org/color-name/-/color-name-1.1.4.tgz",
      "integrity": "sha512-dOy+3AuW3a2wNbZHIuMZpTcgjGuLU/uBL/ubcZF9OXbDo8ff4O8yVp5Bf0efS8uEoYo5q4Fx7dY9OgQGXgAsQA=="
    },
    "emoji-regex": {
      "version": "8.0.0",
      "resolved": "https://registry.npmjs.org/emoji-regex/-/emoji-regex-8.0.0.tgz",
      "integrity": "sha512-MSjYzcWNOA0ewAHpz0MxpYFvwg6yjy1NG3xteoqz644VCo/RPgnr1/GGt+ic3iJTzQ8Eu3TdM14SawnVUmGE6A=="
    },
    "escalade": {
      "version": "3.1.1",
      "resolved": "https://registry.npmjs.org/escalade/-/escalade-3.1.1.tgz",
      "integrity": "sha512-k0er2gUkLf8O0zKJiAhmkTnJlTvINGv7ygDNPbeIsX/TJjGJZHuh9B2UxbsaEkmlEo9MfhrSzmhIlhRlI2GXnw=="
    },
    "fast-fifo": {
      "version": "1.1.0",
      "resolved": "https://registry.npmjs.org/fast-fifo/-/fast-fifo-1.1.0.tgz",
      "integrity": "sha512-Kl29QoNbNvn4nhDsLYjyIAaIqaJB6rBx5p3sL9VjaefJ+eMFBWVZiaoguaoZfzEKr5RhAti0UgM8703akGPJ6g=="
    },
    "freemap": {
      "version": "1.0.1",
      "resolved": "https://registry.npmjs.org/freemap/-/freemap-1.0.1.tgz",
      "integrity": "sha512-14wmuUdlwYz3KrXwbtHe30k4oHnpDQjFrbx3GIkqZjE64hpwa6WDpvs/8p+08kZbhnip49Z58PX8t08E3H8m1g=="
    },
    "get-caller-file": {
      "version": "2.0.5",
      "resolved": "https://registry.npmjs.org/get-caller-file/-/get-caller-file-2.0.5.tgz",
      "integrity": "sha512-DyFP3BM/3YHTQOCUL/w0OZHR0lpKeGrxotcHWcqNEdnltqFwXVfhEBQ94eIo34AfQpo0rGki4cyIiftY06h2Fg=="
    },
    "hrpc-runtime": {
      "version": "2.1.1",
      "resolved": "https://registry.npmjs.org/hrpc-runtime/-/hrpc-runtime-2.1.1.tgz",
      "integrity": "sha512-L9fSE/eMnJat/9TtlOVKFAiw2SlvB5RH/QbtSaNcYW/oWX1lBxwdrVTTcNOCWnSNLhDBgg5llxj9oM2SACB8WA==",
      "requires": {
        "arpeecee": "^2.0.0",
        "protocol-buffers-encodings": "^1.1.0"
      }
    },
    "hypercore-streams": {
      "version": "1.0.1",
      "resolved": "https://registry.npmjs.org/hypercore-streams/-/hypercore-streams-1.0.1.tgz",
      "integrity": "sha512-OcN2zq9DEoArC84q9VCSrf9Hx1QUkR6ineCOwyOwhE4v/8aUTOx87mAk1nyjMOf76DQmF+tl2vnS2FssLx5N+Q==",
      "requires": {
        "streamx": "^2.6.0"
      }
    },
    "inherits": {
      "version": "2.0.4",
      "resolved": "https://registry.npmjs.org/inherits/-/inherits-2.0.4.tgz",
      "integrity": "sha512-k/vGaX4/Yla3WzyMCvTQOXYeIHvqOKtnqBduzTHpzpQZzAskKMhZ2K+EnBiSM9zGSoIFeMpXKxa4dYeZIQqewQ=="
    },
    "inspect-custom-symbol": {
      "version": "1.1.1",
      "resolved": "https://registry.npmjs.org/inspect-custom-symbol/-/inspect-custom-symbol-1.1.1.tgz",
      "integrity": "sha512-GOucsp9EcdlLdhPUyOTvQDnbFJtp2WBWZV1Jqe+mVnkJQBL3w96+fB84C+JL+EKXOspMdB0eMDQPDp5w9fkfZA=="
    },
    "is-fullwidth-code-point": {
      "version": "3.0.0",
      "resolved": "https://registry.npmjs.org/is-fullwidth-code-point/-/is-fullwidth-code-point-3.0.0.tgz",
      "integrity": "sha512-zymm5+u+sCsSWyD9qNaejV3DFvhCKclKdizYaJUuHA83RLjb7nSuGnddCHGv0hk+KY7BMAlsWeK4Ueg6EV6XQg=="
    },
    "nanoresource": {
      "version": "1.3.0",
      "resolved": "https://registry.npmjs.org/nanoresource/-/nanoresource-1.3.0.tgz",
      "integrity": "sha512-OI5dswqipmlYfyL3k/YMm7mbERlh4Bd1KuKdMHpeoVD1iVxqxaTMKleB4qaA2mbQZ6/zMNSxCXv9M9P/YbqTuQ==",
      "requires": {
        "inherits": "^2.0.4"
      }
    },
    "nanoresource-promise": {
      "version": "1.2.2",
      "resolved": "https://registry.npmjs.org/nanoresource-promise/-/nanoresource-promise-1.2.2.tgz",
      "integrity": "sha512-XCRcRrCoTifA6XJqYaMqlHgWFrAq6aGNnXboRa/Dxa0TNkm3S13+RWCD7/XaB4ySunAmZzx81++OS4kqkDynuA==",
      "requires": {
        "nanoresource": "^1.3.0"
      }
    },
    "protocol-buffers-encodings": {
      "version": "1.2.0",
      "resolved": "https://registry.npmjs.org/protocol-buffers-encodings/-/protocol-buffers-encodings-1.2.0.tgz",
      "integrity": "sha512-daeNPuKh1NlLD1uDfbLpD+xyUTc07nEtfHwmBZmt/vH0B7VOM+JOCOpDcx9ZRpqHjAiIkGqyTDi+wfGSl17R9w==",
      "requires": {
        "b4a": "^1.6.0",
        "signed-varint": "^2.0.1",
        "varint": "5.0.0"
      },
      "dependencies": {
        "varint": {
          "version": "5.0.0",
          "resolved": "https://registry.npmjs.org/varint/-/varint-5.0.0.tgz",
          "integrity": "sha512-gC13b/bWrqQoKY2EmROCZ+AR0jitc6DnDGaQ6Ls9QpKmuSgJB1eQ7H3KETtQm7qSdMWMKCmsshyCmUwMLh3OAA=="
        }
      }
    },
    "queue-tick": {
      "version": "1.0.0",
      "resolved": "https://registry.npmjs.org/queue-tick/-/queue-tick-1.0.0.tgz",
      "integrity": "sha512-ULWhjjE8BmiICGn3G8+1L9wFpERNxkf8ysxkAer4+TFdRefDaXOCV5m92aMB9FtBVmn/8sETXLXY6BfW7hyaWQ=="
    },
    "require-directory": {
      "version": "2.1.1",
      "resolved": "https://registry.npmjs.org/require-directory/-/require-directory-2.1.1.tgz",
      "integrity": "sha512-fGxEI7+wsG9xrvdjsrlmL22OMTTiHRwAMroiEeMgq8gzoLC/PQr7RsRDSTLUg/bZAZtF+TVIkHc6/4RIKrui+Q=="
    },
    "signed-varint": {
      "version": "2.0.1",
      "resolved": "https://registry.npmjs.org/signed-varint/-/signed-varint-2.0.1.tgz",
      "integrity": "sha512-abgDPg1106vuZZOvw7cFwdCABddfJRz5akcCcchzTbhyhYnsG31y4AlZEgp315T7W3nQq5P4xeOm186ZiPVFzw==",
      "requires": {
        "varint": "~5.0.0"
      }
    },
    "streamx": {
      "version": "2.12.5",
      "resolved": "https://registry.npmjs.org/streamx/-/streamx-2.12.5.tgz",
      "integrity": "sha512-Y+nkFw57Z5JHT3zLlqFm3GccOy2FeYdUrrqita6Dd8kr/8enPn9GKa8IYf3/DmEKfZl/E2sWoSKUnd4qhonrgg==",
      "requires": {
        "fast-fifo": "^1.0.0",
        "queue-tick": "^1.0.0"
      }
    },
    "string-width": {
      "version": "4.2.3",
      "resolved": "https://registry.npmjs.org/string-width/-/string-width-4.2.3.tgz",
      "integrity": "sha512-wKyQRQpjJ0sIp62ErSZdGsjMJWsap5oRNihHhu6G7JVO/9jIB6UyevL+tXuOqrng8j/cxKTWyWUwvSTriiZz/g==",
      "requires": {
        "emoji-regex": "^8.0.0",
        "is-fullwidth-code-point": "^3.0.0",
        "strip-ansi": "^6.0.1"
      }
    },
    "strip-ansi": {
      "version": "6.0.1",
      "resolved": "https://registry.npmjs.org/strip-ansi/-/strip-ansi-6.0.1.tgz",
      "integrity": "sha512-Y38VPSHcqkFrCpFnQ9vuSXmquuv5oXOKpGeT6aGrr3o3Gc9AlVa6JBfUSOCnbxGGZF+/0ooI7KrPuUSztUdU5A==",
      "requires": {
        "ansi-regex": "^5.0.1"
      }
    },
    "varint": {
      "version": "5.0.2",
      "resolved": "https://registry.npmjs.org/varint/-/varint-5.0.2.tgz",
      "integrity": "sha512-lKxKYG6H03yCZUpAGOPOsMcGxd1RHCu1iKvEHYDPmTyq2HueGhD73ssNBqqQWfvYs04G9iUFRvmAVLW20Jw6ow=="
    },
    "wrap-ansi": {
      "version": "7.0.0",
      "resolved": "https://registry.npmjs.org/wrap-ansi/-/wrap-ansi-7.0.0.tgz",
      "integrity": "sha512-YVGIj2kamLSTxw6NsZjoBxfSwsn0ycdesmc4p+Q21c5zPuZ1pl+NfxVdxPtdHvmNVOQ6XSYG4AUtyt/Fi7D16Q==",
      "requires": {
        "ansi-styles": "^4.0.0",
        "string-width": "^4.1.0",
        "strip-ansi": "^6.0.0"
      }
    },
    "y18n": {
      "version": "5.0.8",
      "resolved": "https://registry.npmjs.org/y18n/-/y18n-5.0.8.tgz",
      "integrity": "sha512-0pfFzegeDWJHJIAmTLRP2DwHjdF5s7jo9tuztdQxAhINCdvS+3nGINqPd00AphqJR/0LhANUS6/+7SCb98YOfA=="
    },
    "yargs": {
      "version": "17.5.1",
      "resolved": "https://registry.npmjs.org/yargs/-/yargs-17.5.1.tgz",
      "integrity": "sha512-t6YAJcxDkNX7NFYiVtKvWUz8l+PaKTLiL63mJYWR2GnHq2gjEWISzsLp9wg3aY36dY1j+gfIEL3pIF+XlJJfbA==",
      "requires": {
        "cliui": "^7.0.2",
        "escalade": "^3.1.1",
        "get-caller-file": "^2.0.5",
        "require-directory": "^2.1.1",
        "string-width": "^4.2.3",
        "y18n": "^5.0.5",
        "yargs-parser": "^21.0.0"
      }
    },
    "yargs-parser": {
      "version": "21.1.1",
      "resolved": "https://registry.npmjs.org/yargs-parser/-/yargs-parser-21.1.1.tgz",
      "integrity": "sha512-tVpsJW7DdjecAiFpbIB1e3qxIQsE6NoPc5/eTdrbbIC4h0LVsWhnoa3g+m2HclBIujHzsxZ4VJVA+GUuc2/LBw=="
    }
  }
}
